<?xml version="1.0" encoding="utf-8"?>
<Project ToolsVersion="14.0" xmlns="http://schemas.microsoft.com/developer/msbuild/2003">
  <ItemGroup>
    <ClCompile Include="src\ConsoleEx.cpp">
      <Filter>Source Files</Filter>
    </ClCompile>
    <ClCompile Include="src\CrashHandler_WIN32.cpp">
      <Filter>Source Files</Filter>
    </ClCompile>
    <ClCompile Include="src\D3DDeviceFetcher.cpp">
      <Filter>Source Files</Filter>
    </ClCompile>
    <ClCompile Include="src\DrawerD3D.cpp">
      <Filter>Source Files</Filter>
    </ClCompile>
    <ClCompile Include="src\DrawerOpenGL.cpp">
      <Filter>Source Files</Filter>
    </ClCompile>
    <ClCompile Include="src\ExeFile.cpp">
      <Filter>Source Files</Filter>
    </ClCompile>
    <ClCompile Include="src\ExeFile_WIN32.cpp">
      <Filter>Source Files</Filter>
    </ClCompile>
    <ClCompile Include="src\GfxOverlay.cpp">
      <Filter>Source Files</Filter>
    </ClCompile>
    <ClCompile Include="src\GfxOverlay_WIN32.cpp">
      <Filter>Source Files</Filter>
    </ClCompile>
    <ClCompile Include="src\Hooker.cpp">
      <Filter>Source Files</Filter>
    </ClCompile>
    <ClCompile Include="src\Hooker_VEH.cpp">
      <Filter>Source Files</Filter>
    </ClCompile>
    <ClCompile Include="src\IDrawer.cpp">
      <Filter>Source Files</Filter>
    </ClCompile>
    <ClCompile Include="src\Injector_WIN32.cpp">
      <Filter>Source Files</Filter>
    </ClCompile>
    <ClCompile Include="src\Input.cpp">
      <Filter>Source Files</Filter>
    </ClCompile>
    <ClCompile Include="src\Logging.cpp">
      <Filter>Source Files</Filter>
    </ClCompile>
    <ClCompile Include="src\Main.cpp">
      <Filter>Source Files</Filter>
    </ClCompile>
    <ClCompile Include="src\Main_WIN32.cpp">
      <Filter>Source Files</Filter>
    </ClCompile>
    <ClCompile Include="src\Memory_WIN32.cpp">
      <Filter>Source Files</Filter>
    </ClCompile>
    <ClCompile Include="src\MessageBox_WIN32.cpp">
      <Filter>Source Files</Filter>
    </ClCompile>
    <ClCompile Include="src\Patch.cpp">
      <Filter>Source Files</Filter>
    </ClCompile>
    <ClCompile Include="src\PatternScanner.cpp">
      <Filter>Source Files</Filter>
    </ClCompile>
    <ClCompile Include="src\WindowOverlay.cpp">
      <Filter>Source Files</Filter>
    </ClCompile>
    <ClCompile Include="src\WindowOverlay_WIN32.cpp">
      <Filter>Source Files</Filter>
    </ClCompile>
  </ItemGroup>
  <ItemGroup>
    <ClInclude Include="include\hacklib\ConsoleEx.h">
      <Filter>Header Files</Filter>
    </ClInclude>
    <ClInclude Include="include\hacklib\CrashHandler.h">
      <Filter>Header Files</Filter>
    </ClInclude>
    <ClInclude Include="include\hacklib\D3DDeviceFetcher.h">
      <Filter>Header Files</Filter>
    </ClInclude>
    <ClInclude Include="include\hacklib\DrawerD3D.h">
      <Filter>Header Files</Filter>
    </ClInclude>
    <ClInclude Include="include\hacklib\DrawerOpenGL.h">
      <Filter>Header Files</Filter>
    </ClInclude>
    <ClInclude Include="include\hacklib\ExeFile.h">
      <Filter>Header Files</Filter>
    </ClInclude>
    <ClInclude Include="include\hacklib\ForeignClass.h">
      <Filter>Header Files</Filter>
    </ClInclude>
    <ClInclude Include="include\hacklib\GfxOverlay.h">
      <Filter>Header Files</Filter>
    </ClInclude>
    <ClInclude Include="include\hacklib\Handles.h">
      <Filter>Header Files</Filter>
    </ClInclude>
    <ClInclude Include="include\hacklib\Hooker.h">
      <Filter>Header Files</Filter>
    </ClInclude>
    <ClInclude Include="include\hacklib\IDrawer.h">
      <Filter>Header Files</Filter>
    </ClInclude>
    <ClInclude Include="include\hacklib\ImplementMember.h">
      <Filter>Header Files</Filter>
    </ClInclude>
    <ClInclude Include="include\hacklib\Injector.h">
      <Filter>Header Files</Filter>
    </ClInclude>
    <ClInclude Include="include\hacklib\Input.h">
      <Filter>Header Files</Filter>
    </ClInclude>
    <ClInclude Include="include\hacklib\Logging.h">
      <Filter>Header Files</Filter>
    </ClInclude>
    <ClInclude Include="include\hacklib\Main.h">
      <Filter>Header Files</Filter>
    </ClInclude>
    <ClInclude Include="include\hacklib\Math.h">
      <Filter>Header Files</Filter>
    </ClInclude>
    <ClInclude Include="include\hacklib\Memory.h">
      <Filter>Header Files</Filter>
    </ClInclude>
    <ClInclude Include="include\hacklib\MessageBox.h">
      <Filter>Header Files</Filter>
    </ClInclude>
    <ClInclude Include="include\hacklib\PageAllocator.h">
      <Filter>Header Files</Filter>
    </ClInclude>
    <ClInclude Include="include\hacklib\Patch.h">
      <Filter>Header Files</Filter>
    </ClInclude>
    <ClInclude Include="include\hacklib\PatternScanner.h">
      <Filter>Header Files</Filter>
    </ClInclude>
    <ClInclude Include="include\hacklib\Rng.h">
      <Filter>Header Files</Filter>
    </ClInclude>
    <ClInclude Include="include\hacklib\Timer.h">
      <Filter>Header Files</Filter>
    </ClInclude>
    <ClInclude Include="include\hacklib\WindowOverlay.h">
      <Filter>Header Files</Filter>
    </ClInclude>
  </ItemGroup>
  <ItemGroup>
    <Filter Include="Source Files">
      <UniqueIdentifier>{308A45A0-1DB5-3141-A703-421BB14699DB}</UniqueIdentifier>
    </Filter>
    <Filter Include="Header Files">
      <UniqueIdentifier>{2248BD8C-1505-345F-B68E-CB96AB00CE06}</UniqueIdentifier>
    </Filter>
  </ItemGroup>
</Project>